{
    "name": "@master/normal.css",
    "lockfileVersion": 2,
    "requires": true,
    "packages": {
        "": {
            "name": "@master/normal.css",
            "license": "MIT",
            "funding": {
                "url": "https://opencollective.com/master-style"
            }
        }
    }
}
